
Microsoft Visual Studio Solution File, Format Version 12.00
# Visual Studio Version 16
VisualStudioVersion = 16.0.30907.101
MinimumVisualStudioVersion = 10.0.40219.1
Project("{FAE04EC0-301F-11D3-BF4B-00C04F79EFBC}") = "MyDictionary", "MyDictionary.csproj", "{D21C09A5-AF6E-4241-9051-7FC6D8FE9BB1}"
EndProject
Global
	GlobalSection(SolutionConfigurationPlatforms) = preSolution
		Debug|Any CPU = Debug|Any CPU
		Release|Any CPU = Release|Any CPU
	EndGlobalSection
	GlobalSection(ProjectConfigurationPlatforms) = postSolution
		{D21C09A5-AF6E-4241-9051-7FC6D8FE9BB1}.Debug|Any CPU.ActiveCfg = Debug|Any CPU
		{D21C09A5-AF6E-4241-9051-7FC6D8FE9BB1}.Debug|Any CPU.Build.0 = Debug|Any CPU
		{D21C09A5-AF6E-4241-9051-7FC6D8FE9BB1}.Release|Any CPU.ActiveCfg = Release|Any CPU
		{D21C09A5-AF6E-4241-9051-7FC6D8FE9BB1}.Release|Any CPU.Build.0 = Release|Any CPU
	EndGlobalSection
	GlobalSection(SolutionProperties) = preSolution
		HideSolutionNode = FALSE
	EndGlobalSection
	GlobalSection(ExtensibilityGlobals) = postSolution
		SolutionGuid = {43AEF590-B3DA-4610-8628-0435BF844336}
	EndGlobalSection
EndGlobal
